m«ëŒ+Š×ž®º+º$zzb¥ç°¢&æÖR#¢'6æÖV'BÖw&ö6W'’×G&6¶W""À¢'fW'6–öâ#¢#ãã"À¢&Æö6¶f–ÆUfW'6–öâ#¢2À¢'&WV—&W2#¢G'VRÀ¢'6¶vW2#¢°¢"#¢°¢&æÖR#¢'6æÖV'BÖw&ö6W'’×G&6¶W""À¢'fW'6–öâ#¢#ãã"À¢&FWVæFVæ6–W2#¢°¢&'VffW"#¢%ãbãã2"À¢&W‡ò#¢'ãSrãã’"À¢&W‡òÖ'V–ÆB×&÷W'F–W2#¢'ãSrãã‚"À¢&W‡òÖ7'—Fò#¢'ãSrãã"À¢&W‡òÖf–ÆR×7—7FVÒ#¢'ãSrãã"À¢&W‡òÖæ÷F–f–6F–öç2#¢'ãSrãã"À¢&W‡ò×&–çB#¢'ãSrãã"À¢&W‡ò×6†&–ær#¢'ãSrãã‚"À¢&W‡ò×7Æ6‚×67&VVâ#¢'ãSrããR"À¢&W‡ò×7Æ—FR#¢'ãSrãã"À¢&W‡ò×7FGW2Ö&"#¢'ãSrãã"À¢&W‡ò×7F÷&R×&Wf–Wr#¢'ãSrãã"À¢&W‡ò×7—7FVÒ×V’#¢'ãSrãã""À¢&§7¦—#¢%ã2ãã"À¢'&V7B#¢#’ã"ã2"À¢'&V7BÖæF—fR#¢#ãƒbã""À¢'&V7BÖæF—fRÖvöövÆRÖÖö&–ÆRÖG2#¢#bãBã"À¢'&V7BÖæF—fR×6fRÖ&VÖ6öçFW‡B#¢'ãRãrã"À¢'&V7BÖæF—fR×vV'f–Wr#¢#Bãã ¢ÒÀ¢&FWdFWVæFVæ6–W2#¢°¢$FW7F–ærÖÆ–'&'’÷&V7BÖæF—fR#¢#Bãã"À¢$G—W2ö¦W7B#¢##’ãRãB"À¢$G—W2öæöFR#¢##bãã""À¢$G—W2÷&V7B#¢'ã’ã"ã""À¢&¦W7B#¢##’ãrã"À¢&¦W7BÖW‡ò#¢'ãSrãã2"À¢'G—W67&—B#¢'ãbãã2 ¢Ð¢ÒÀ¢&æöFUöÖöGVÆW2ô&&VÂö6öFRÖg&ÖR#¢°¢'fW'6–öâ#¢#rã#’ãr"À¢'&W6öÇfVB#¢&‡GG3¢ò÷&Vv—7G'’æçÖ§2æ÷&rô&&VÂö6öFRÖg&ÖRòÒö6öFRÖg&ÖRÓrã#’ãrçFw¢"À¢&–çFVw&—G’#¢'6†S"ÔWvTög$Vs%$ôô¤ãd—sVc”DÔ&Ç§SÔ–¶ÒöÖÄÅdâõ•tóC‡t6£·†74T„§edfsw6•"·$–çu†C'…·sÓÒ"À¢&Æ–6Vç6R#¢$Ô•B"À¢&FWVæFVæ6–W2#¢°¢$&&VÂö†VÇW"×fÆ–FF÷"Ö–FVçF–f–W"#¢%ãrã#’ãr"À¢&§2×Fö¶Vç2#¢%ãBãã"À¢'–6ö6öÆ÷'2#¢%ããã ¢ÒÀ¢&Væv–æW2#¢°¢&æöFR#¢#ãÓbã’ã ¢Ð¢ÒÀ¢&æöFUöÖöGVÆW2ô&&VÂö6ö×BÖFF#¢°¢'fW'6–öâ#¢#rã#’ãr"À¢'&W6öÇfVB#¢&‡GG3¢ò÷&Vv—7G'’æçÖ§2æ÷&rô&&VÂö6ö×BÖFFòÒö6ö×BÖFFÓrã#’ãrçFw¢"À¢&–çFVw&—G’#¢'6†S"ÖÆö5Fµ”·gt”Vt'¥g&ãƒc“6V&3“tc%S…¤†¦%‡tE„£Tfã%D7çuFÄ¶6´Æ¶D†÷V2ö–4ôdSwCu”¤3V†ä´ædvsÓÒ"À¢&Æ–6Vç6R#¢$Ô•B"À¢&Væv–æW2#¢°¢&æöFR#¢#ãÓbã’ã ¢Ð¢ÒÀ¢&æöFUöÖöGVÆW2ô&&VÂö6÷&R#¢°¢'fW'6–öâ#¢#rã#’ãr"À¢'&W6öÇfVB#¢&‡GG3¢ò÷&Vv—7G'’æçÖ§2æ÷&rô&&VÂö6÷&RòÒö6÷&RÓrã#’ãrçFw¢"À¢&–çFVw&—G’#¢'6†S"Õ&t„$7gF¦$ô³&u…4ä$ä–´æôV3—õdWFS6†£†tWµTÃ4…¤–$¶%tdT“4ÆfÓdU”¶´ÆÄöƒ†U7&£–"¶6ƒ”‚õd$ÓÒ"À¢&Æ–6Vç6R#¢$Ô•B"À¢&FWVæFVæ6–W2#¢°¢$&&VÂö6öFRÖg&ÖR#¢%ãrã#’ãr"À¢$&&VÂövVæW&F÷"#¢%ãrã#’ãr"À¢$&&VÂö†VÇW"Ö6ö×–ÆF–öâ×F&vWG2#¢%ãrã#’ãr"À¢$&&VÂö†VÇW"ÖÖöGVÆR×G&ç6f÷&×2#¢%ãrã#’ãr"À¢$&&VÂö†VÇW'2#¢%ãrã#’ãr"À¢$&&VÂ÷'6W"#¢%ãrã#’ãr"À¢$&&VÂ÷FV×ÆFR#¢%ãrã#’ãr"À¢$&&VÂ÷G&fW'6R#¢%ãrã#’ãr"À¢$&&VÂ÷G—W2#¢%ãrã#’ãr"À¢$§&–FvWvVÆÂ÷&VÖ–ær#¢%ã"ã2ãR"À¢&6öçfW'B×6÷W&6RÖÖ#¢%ã"ãã"À¢&FV'Vr#¢%ãBãã"À¢&vVç7–æ2#¢%ãããÖ&WFã""À¢&§6öãR#¢%ã"ã"ã2"À¢'6V×fW"#¢%ãbã2ã ¢ÒÀ¢&Væv–æW2#¢°¢&æöFR#¢#ãÓbã’ã ¢ÒÀ¢&gVæF–ær#¢°¢'G—R#¢&÷Væ6öÆÆV7F—fR"À¢'W&Â#¢&‡GG3¢òö÷Væ6öÆÆV7F—fRæ6öÒö&&VÂ ¢Ð¢ÒÀ¢&æöFUöÖöGVÆW2ô&&VÂö6÷&RöæöFUöÖöGVÆW2÷6V×fW"#¢°¢'fW'6–öâ#¢#bã2ã"À¢'&W6öÇfVB#¢&‡GG3¢ò÷&Vv—7G'’æçÖ§2æ÷&r÷6V×fW"òÒ÷6V×fW"Óbã2ãçFw¢"À¢&–çFVw&—G’#¢'6†S"Ô%#ugdD5d„ò·'„$Uw6·…3dD¤S&æ#tG‡¥W&öv#s5võ6f–4'…—6”vB´¶ÃÖ×ô×$s—”%&·—%…Dóe†¤×¤ÓÒ"À¢&Æ–6Vç6R#¢$•42"À¢&&–â#¢°¢'6V×fW"#¢&&–â÷6V×fW"æ§2 ¢Ð¢ÒÀ¢&æöFUöÖöGVÆW2ô&&VÂövVæW&F÷"#¢°¢'fW'6–öâ#¢#rã#’ã‚"À¢'&W6öÇfVB#¢&‡GG3¢ò÷&Vv—7G'’æçÖ§2æ÷&rô&&VÂövVæW&F÷"òÒövVæW&F÷"Órã#’ã‚çFw¢"À¢&–çFVw&—G’#¢'6†S"Öu¦&W6Fƒ5tGFu¤µtÂ·eEƒsÅ4'&Òõ“BõE¤%d65–fÖUDTWVôõ—vÅ7’´s7Fd¦r²õ§“SSRó5DF&ÓwF&$×FsÓÒ"À¢&Æ–6Vç6R#¢$Ô•B"À¢&FWVæFVæ6–W2#¢°¢$&&VÂ÷'6W"#¢%ãrã#’ã‚"À¢$&&VÂ÷G—W2#¢%ãrã#’ã‚"À¢$§&–FvWvVÆÂövVâÖÖ–ær#¢%ãã2ã""À¢$§&–FvWvVÆÂ÷G&6RÖÖ–ær#¢%ãã2ã#‚"À¢&§6W62#¢%ã2ãã" ¢ÒÀ¢&Væv–æW2#¢°¢&æöFR#¢#ãÓbã’ã ¢Ð¢ÒÀ¢&æöFUöÖöGVÆW2ô&&VÂö†VÇW"Öææ÷FFRÖ2×W&R#¢°¢'fW'6–öâ#¢#rã#’ãr"À¢'&W6öÇfVB#¢&‡GG3¢ò÷&Vv—7G'’æçÖ§2æ÷&rô&&VÂö†VÇW"Öææ÷FFRÖ2×W&RòÒö†VÇW"Öææ÷FFRÖ2×W&RÓrã#’ãrçFw¢"À¢&–çFVw&—G’#¢'6†S"Ôöô³c#3–¤…U5öõ3¶eEd¶ã"÷%eF³6T·DvC%TÔÇFÔõdÆ¤D3¶“6R¶3“G'c&tÖgd¤g¶–Æ§'#Sc‚·FF—sÓÒ"À¢&Æ–6Vç6R#¢$Ô•B"À¢&FWVæFVæ6–W2#¢°¢$&&VÂ÷G—W2#¢%ãrã#’ãr ¢ÒÀ¢&Væv–æW2#¢°¢&æöFR#¢#ãÓbã’ã ¢Ð¢ÒÀ¢&æöFUöÖöGVÆW2ô&&VÂö†VÇW"Ö6ö×–ÆF–öâ×F&vWG2#¢°¢'fW'6–öâ#¢#rã#’ãr"À¢'&W6öÇfVB#¢&‡GG3¢ò÷&Vv—7G'’æçÖ§2æ÷&rô&&VÂö†VÇW"Ö6ö×–ÆF–öâ×F&vWG2òÒö†VÇW"Ö6ö×–ÆF–öâ×F&vWG2Órã#’ãrçFw¢"À¢&–çFVw&—G’#¢'6†S"×vVÓev&£Dæe•fDæ„Åf4U3e¤¢´´$&e6µDÔC5•§†%7&Ó4F“ƒWD¥SVÆ¦Tæ†÷–çB´£‡'V…—W¥'C†ãssÓÒ"À¢&Æ–6Vç6R#¢$Ô•B"À¢&FWVæFVæ6–W2#¢°¢$&&VÂö6ö×BÖFF#¢%ãrã#’ãr"À¢$&&VÂö†VÇW"×fÆ–FF÷"Ö÷F–öâ#¢%ãrã#’ãr"À¢&'&÷w6W'6Æ—7B#¢%ãBã#Bã"À¢&Ç'RÖ66†R#¢%ãRãã"À¢'6V×fW"#¢%ãbã2ã ¢ÒÀ¢&Væv–æW2#¢°¢&æöFR#¢#ãÓbã’ã ¢Ð¢ÒÀ¢&æöFUöÖöGVÆW2ô&&VÂö†VÇW"Ö6ö×–ÆF–öâ×F&vWG2öæöFUöÖöGVÆW2÷6V×fW"#¢°¢'fW'6–öâ#¢#bã2ã"À¢'&W6öÇfVB#¢&‡GG3¢ò÷&Vv—7G'’æçÖ§2æ÷&r÷6V×fW"òÒ÷6V×fW"Óbã2ãçFw¢"À¢&–çFVw&—G’#¢'6†S"Ô%#ugdD5d„ò·'„$Uw6·…3dD¤S&æ#tG‡¥W&öv#s5võ6f–4'…—6”vB´¶ÃÖ×ô×$s—”%&·—%…Dóe†¤×¤ÓÒ"À¢&Æ–6Vç6R#¢$•42"À¢&&–â#¢°¢'6V×fW"#¢&&–â÷6V×fW"æ§2 ¢Ð¢ÒÀ¢&æöFUöÖöGVÆW2ô&&VÂö†VÇW"Ö7&VFRÖ6Æ72ÖfVGW&W2×ÇVv–â#¢°¢'fW'6–öâ#¢#rã#’ãr"À¢'&W6öÇfVB#¢&‡GG3¢ò÷&Vv—7G'’æçÖ§2æ÷&rô&&VÂö†VÇW"Ö7&VFRÖ6Æ72ÖfVGW&W2×ÇVv–âòÒö†VÇW"Ö7&VFRÖ6Æ72ÖfVGW&W2×ÇVv–âÓrã#’ãrçFw¢"À¢&–çFVw&—G’#¢'6†S"Ô•“5¤C•FÖö÷#5EV†34EUw†—Vó‡‡ƒEtÆ†CTÓv…µ¥t¦×Ó$&&Ç$$¦#$Ö—54Æõ–÷$ö£sUS7TÄ7…E“—#6†sÓÒ"À¢&Æ–6Vç6R#¢$Ô•B"À¢&FWVæFVæ6–W2#¢°¢$&&VÂö†VÇW"Öææ÷FFRÖ2×W&R#¢%ãrã#’ãr"À¢$&&VÂö†VÇW"ÖÖVÖ&W"ÖW‡&W76–öâ×FòÖgVæ7F–öç2#¢%ãrã#’ãr"À¢$&&VÂö†VÇW"Ö÷F–Ö—6RÖ6ÆÂÖW‡&W76–öâ#¢%ãrã#’ãr"À¢$&&VÂö†VÇW"×&WÆ6R×7WW'2#¢%ãrã#’ãr"À¢$&&VÂö†VÇW"×6¶—×G&ç7&VçBÖW‡&W76–öâ×w&W'2#¢%ãrã#’ãr"À¢$&&VÂ÷G&fW'6R#¢%ãrã#’ãr"À¢'6V×fW"#¢%ãbã2ã ¢ÒÀ¢&Væv–æW2#¢°¢&æöFR#¢#ãÓbã’ã ¢ÒÀ¢'VW$FWVæFVæ6–W2#¢°¢$&&VÂö6÷&R#¢%ãrãã ¢Ð¢ÒÀ¢&æöFUöÖöGVÆW2ô&&VÂö†VÇW"Ö7&VFRÖ6Æ72ÖfVGW&W2×ÇVv–âöæöFUöÖöGVÆW2÷6V×fW"#¢°¢'fW'6–öâ#¢#bã2ã"À¢'&W6öÇfVB#¢&‡GG3¢ò÷&Vv—7G'’æçÖ§2æ÷&r÷6V×fW"òÒ÷6V×fW"Óbã2ãçFw¢"À¢&–çFVw&—G’#¢'6†S"Ô%#ugdD5d„ò·'„$Uw6·…3dD¤S&æ#tG‡¥W&öv#s5võ6f–4'…—6”vB´¶ÃÖ×ô×$s—”%&·—%…Dóe†¤×¤ÓÒ"À¢&Æ–6Vç6R#¢$•42"À¢&&–â#¢°¢'6V×fW"#¢&&–â÷6V×fW"æ§2 ¢Ð¢ÒÀ¢&æöFUöÖöGVÆW2ô&&VÂö†VÇW"Ö7&VFR×&VvW‡ÖfVGW&W2×ÇVv–â#¢°¢'fW'6–öâ#¢#rã#’ãr"À¢'&W6öÇfVB#¢&‡GG3¢ò÷&Vv—7G'’æçÖ§2æ÷&rô&&VÂö†VÇW"Ö7&VFR×&VvW‡ÖfVGW&W2×ÇVv–âòÒö†VÇW"Ö7&VFR×&VvW‡ÖfVGW&W2×ÇVv–âÓrã#’ãrçFw¢"À¢&–çFVw&—G’#¢'6†S"Ó“uW–×gvsGuT³t”wtdõ5—¥÷W¥„´ä£—‡§ufg¦µ”fs'&T†“d”÷3g5†´s”æ$•T×VæåVÆµ—6e$dçföÖsÓÒ"À¢&Æ–6Vç6R#¢$Ô•B"À¢&FWVæFVæ6–W2#¢°¢$&&VÂö†VÇW"Öææ÷FFRÖ2×W&R#¢%ãrã#’ãr"À¢'&VvW‡RÖ6÷&R#¢%ãbã2ã"À¢'6V×fW"#¢%ãbã2ã ¢ÒÀ¢&Væv–æW2#¢°¢&æöFR#¢#ãÓbã’ã ¢ÒÀ¢'VW$FWVæFVæ6–W2#¢°¢$&&VÂö6÷&R#¢%ãrãã ¢Ð¢ÒÀ¢&æöFUöÖöGVÆW2ô&&VÂö†VÇW"Ö7&VFR×&VvW‡ÖfVGW&W2×ÇVv–âöæöFUöÖöGVÆW2÷6V×fW"#¢°¢'fW'6–öâ#¢#bã2ã"À¢'&W6öÇfVB#¢&‡GG3¢ò÷&Vv—7G'’æçÖ§2æ÷&r÷6V×fW"òÒ÷6V×fW"Óbã2ãçFw¢"À¢&–çFVw&—G’#¢'6†S"Ô%#ugdD5d„ò·'„$Uw6·…3dD¤S&æ#tG‡¥W&öv#s5võ6f–4'…—6”vB´¶ÃÖ×ô×$s—”%&·—%…Dóe†¤×¤ÓÒ"À¢&Æ–6Vç6R#¢$•42"À¢&&–â#¢°¢'6V×fW"#¢&&–â÷6V×fW"æ§2 ¢Ð¢ÒÀ¢&æöFUöÖöGVÆW2ô&&VÂö†VÇW"ÖFVf–æR×öÇ–f–ÆÂ×&÷f–FW"#¢°¢'fW'6–öâ#¢#ãbã‚"À¢'&W6öÇfVB#¢&‡GG3¢ò÷&Vv—7G'’æçÖ§2æ÷&rô&&VÂö†VÇW"ÖFVf–æR×öÇ–f–ÆÂ×&÷f–FW"òÒö†VÇW"ÖFVf–æR×öÇ–f–ÆÂ×&÷f–FW"Óãbã‚çFw¢"À¢&–çFVw&—G’#¢'6†S"ÓCuWt$Å“æõw¤ÇT„æ¥&ô†Å•„×t”¦ô&ctÔf÷Sgf”2÷4”…u—–wg##d”–ƒW4&D&ç#$Å•'ws†ÆfUe”ä$ÓÒ"À¢&Æ–6Vç6R#¢$Ô•B"À¢&FWVæFVæ6–W2#¢°¢$&&VÂö†VÇW"Ö6ö×–ÆF–öâ×F&vWG2#¢%ãrã#‚ãb"À¢$&&VÂö†VÇW"×ÇVv–â×WF–Ç2#¢%ãrã#‚ãb"À¢&FV'Vr#¢%ãBãBã2"À¢&ÆöF6‚æFV&÷Væ6R#¢%ãBãã‚"À¢'&W6öÇfR#¢%ãã#"ã ¢ÒÀ¢'VW$FWVæFVæ6–W2#¢°¢$&&VÂö6÷&R#¢%ãrãBãÇÂã‚ããÓÃ‚ãã ¢Ð¢ÒÀ¢&æöFUöÖöGVÆW2ô&&VÂö†VÇW"ÖvÆö&Ç2#¢°¢'fW'6–öâ#¢#rã#’ãr"À¢'&W6öÇfVB#¢&‡GG3¢ò÷&Vv—7G'’æçÖ§2æ÷&rô&&VÂö†VÇW"ÖvÆö&Ç2òÒö†VÇW"ÖvÆö&Ç2Órã#’ãrçFw¢"À¢&–çFVw&—G’#¢'6†S"Ó6åeTGf´´ƒ—¦†evws“d¦2÷TdöÖ¤4Sµ£ƒ$S&ÇvÔ„&v§¦$æÇ43#&çUFf†ÕvUEGVåóDææC$v£G¤ÓÒ"À¢&Æ–6Vç6R#¢$Ô•B"À¢&Væv–æW2#¢°¢&æöFR#¢#ãÓbã’ã ¢Ð¢ÒÀ¢&æöFUöÖöGVÆW2ô&&VÂö†VÇW"ÖÖVÖ&W"ÖW‡&W76–öâ×FòÖgVæ7F–öç2#¢°¢'fW'6–öâ#¢#rã#’ãr"À¢'&W6öÇfVB#¢&‡GG3¢ò÷&Vv—7G'’æçÖ§2æ÷&rô&&VÂö†VÇW"ÖÖVÖ&W"ÖW‡&W76–öâ×FòÖgVæ7F–öç2òÒö†VÇW"ÖÖVÖ&W"ÖW‡&W76–öâ×FòÖgVæ7F–öç2Órã#’ãrçFw¢"À¢&–çFVw&—G’#¢'6†S"Ö¢³t¥–Ö³¥”GD4”v£§u¦¦õWÖôV–µtDÖ†t4Ô54GC"µ3'&f6–%Tç$tôÕw&Ç¤³t¤&G‡$#4¤¥§uwFsÓÒ"À¢&Æ–6Vç6R#¢$Ô•B"À¢&FWVæFVæ6–W2#¢°¢$&&VÂ÷G&fW'6R#¢%ãrã#’ãr"À¢$&&VÂ÷G—W2#¢%ãrã#’ãr ¢ÒÀ¢&Væv–æW2#¢°¢&æöFR#¢#ãÓbã’ã ¢Ð¢ÒÀ¢&æöFUöÖöGVÆW2ô&&VÂö†VÇW"ÖÖöGVÆRÖ–×÷'G2#¢°¢'fW'6–öâ#¢#rã#’ãr"À¢'&W6öÇfVB#¢&‡GG3¢ò÷&Vv—7G'’æçÖ§2æ÷&rô&&VÂö†VÇW"ÖÖöGVÆRÖ–×÷'G2òÒö†VÇW"ÖÖöGVÆRÖ–×÷'G2Órã#’ãrçFw¢"À¢&–çFVw&—G’#¢'6†S"ÖV¤‡w%–6Ó—†åF—e6†ã$”DöÄ—¤–äã3D‡6·g•–7d7DW§g¦6ÇR÷D´c„§6s„¤s$tÃbôVÖ¦w45CvÅ†WS6sÓÒ"À¢&Æ–6Vç6R#¢$Ô•B"À¢&FWVæFVæ6–W2#¢°¢$&&VÂ÷G&fW'6R#¢%ãrã#’ãr"À¢$&&VÂ÷G—W2#¢%ãrã#’ãr ¢ÒÀ¢&Væv–æW2#¢°¢&æöFR#¢#ãÓbã’ã ¢Ð¢ÒÀ¢&æöFUöÖöGVÆW2ô&&VÂö†VÇW"ÖÖöGVÆR×G&ç6f÷&×2#¢°¢'fW'6–öâ#¢#rã#’ãr"À¢'&W6öÇfVB#¢&‡GG3¢ò÷&Vv—7G'’æçÖ§2æ÷&rô&&VÂö†VÇW"ÖÖöGVÆR×G&ç6f÷&×2òÒö†VÇW"ÖÖöGVÆR×G&ç6f÷&×2Órã#’ãrçFw¢"À¢&–çFVw&—G’#¢'6†S"ÕUUe7•†$öƒc#t¶”4”u6wuw¤vT$´Æ¶£•¤VG&æt—tÕ7§„Å#F¥3B¶cc¦#ug¤&&s†ädÆ–÷Geed5GG&ÕDsÓÒ"À¢&Æ–6Vç6R#¢$Ô•B"À¢&FWVæFVæ6–W2#¢°¢$&&VÂö†VÇW"ÖÖöGVÆRÖ–×÷'G2#¢%ãrã#’ãr"À¢$&&VÂö†VÇW"×fÆ–FF÷"Ö–FVçF–f–W"#¢%ãrã#’ãr"À¢$&&VÂ÷G&fW'6R#¢%ãrã#’ãr ¢ÒÀ¢&Væv–æW2#¢°¢&æöFR#¢#ãÓbã’ã ¢ÒÀ¢'VW$FWVæFVæ6–W2#¢°¢$&&VÂö6÷&R#¢%ãrãã ¢Ð¢ÒÀ¢&æöFUöÖöGVÆW2ô&&VÂö†VÇW"Ö÷F–Ö—6RÖ6ÆÂÖW‡&W76–öâ#¢°¢'fW'6–öâ#¢#rã#’ãr"À¢'&W6öÇfVB#¢&‡GG3¢ò÷&Vv—7G'’æçÖ§2æ÷&rô&&VÂö†VÇW"Ö÷F–Ö—6RÖ6ÆÂÖW‡&W76–öâòÒö†VÇW"Ö÷F–Ö—6RÖ6ÆÂÖW‡&W76–öâÓrã#’ãrçFw¢"À¢&–çFVw&—G’#¢'6†S"Ò¶¶Ôuf¦5C•$u—¦ôGvGtWWdvt¶S4%—´ó”w¦¤gV&æu¤‡u”…fÇ4c%–v†cF´WWc”%cwE”E£“6%s–Óe”¶öæsÓÒ"À¢&Æ–6Vç6R#¢$Ô•B"À¢&FWVæFVæ6–W2#¢°¢$&&VÂ÷G—W2#¢%ãrã#’ãr ¢ÒÀ¢&Væv–æW2#¢°¢&æöFR#¢#ãÓbã’ã ¢Ð¢ÒÀ¢&æöFUöÖöGVÆW2ô&&VÂö†VÇW"×ÇVv–â×WF–Ç2#¢°¢'fW'6–öâ#¢#rã#’ãr"À¢'&W6öÇfVB#¢&‡GG3¢ò÷&Vv—7G'’æçÖ§2æ÷&rô&&VÂö†VÇW"×ÇVv–â×WF–Ç2òÒö†VÇW"×ÇVv–â×WF–Ç2Órã#’ãrçFw¢"À¢&–çFVw&—G’#¢'6†S"Ôsw4…––u“vôóU5•vædBóÕD'ue#sƒ2ô¤“cC6Rô¦…U–ufutRóc6õs4äƒ”µuT·”·TÅfƒ6ç–c“•v·Cf£ƒd§sÓÒ"À¢&Æ–6Vç6R#¢$Ô•B"À¢&Væv–æW2#¢°¢&æöFR#¢#ãÓbã’ã ¢Ð¢ÒÀ¢&æöFUöÖöGVÆW2ô&&VÂö†VÇW"×&VÖÖ7–æ2×FòÖvVæW&F÷"#¢°¢'fW'6–öâ#¢#rã#’ãr"À¢'&W6öÇfVB#¢&‡GG3¢ò÷&Vv—7G'’æçÖ§2æ÷&rô&&VÂö†VÇW"×&VÖÖ7–æ2×FòÖvVæW&F÷"òÒö†VÇW"×&VÖÖ7–æ2×FòÖvVæW&F÷"Órã#’ãrçFw¢"À¢&–çFVw&—G’#¢'6†S"ÓdÖ•s#dF%…t&'#4#‡tæ÷¤´Ó–DÔÄ#ƒ“'fö¥röe¦FåC‡d¦³W6Fµ5Rö—7W‡”4S4Vö‡u¤ö6&tGT3F#dösÓÒ"À¢&Æ–6Vç6R#¢$Ô•B"À¢&FWVæFVæ6–W2#¢°¢$&&VÂö†VÇW"Öææ÷FFRÖ2×W&R#¢%ãrã#’ãr"À¢$&&VÂö†VÇW"×w&ÖgVæ7F–öâ#¢%ãrã#’ãr"À¢$&&VÂ÷G&fW'6R#¢%ãrã#’ãr ¢ÒÀ¢&Væv–æW2#¢°¢&æöFR#¢#ãÓbã’ã ¢ÒÀ¢'VW$FWVæFVæ6–W2#¢°¢$&&VÂö6÷&R#¢%ãrãã ¢Ð¢ÒÀ¢&æöFUöÖöGVÆW2ô&&VÂö†VÇW"×&WÆ6R×7WW'2#¢°¢'fW'6–öâ#¢#rã#’ãr"À¢'&W6öÇfVB#¢&‡GG3¢ò÷&Vv—7G'’æçÖ§2æ÷&rô&&VÂö†VÇW"×&WÆ6R×7WW'2òÒö†VÇW"×&WÆ6R×7WW'2Órã#’ãrçFw¢"À¢&–çFVw&—G’#¢'6†S"ÖFdu…u6T6”cDFäµ¤–fÔ¦e&µ7s–#–täå…#·¶¦&„sGu”4öæ·„ö5D#„S4å†¤'S„ç†U6äöTä·£„µCuTäeFÕÓÒ"À¢&Æ–6Vç6R#¢$Ô•B"À¢&FWVæFVæ6–W2#¢°¢$&&VÂö†VÇW"ÖÖVÖ&W"ÖW‡&W76–öâ×FòÖgVæ7F–öç2#¢%ãrã#’ãr"À¢$&&VÂö†VÇW"Ö÷F–Ö—6RÖ6ÆÂÖW‡&W76–öâ#¢%ãrã#’ãr"À¢$&&VÂ÷G&fW'6R#¢%ãrã#’ãr ¢ÒÀ¢&Væv–æW2#¢°¢&æöFR#¢#ãÓbã’ã ¢ÒÀ¢'VW$FWVæFVæ6–W2#¢°¢$&&VÂö6÷&R#¢%ãrãã ¢Ð¢ÒÀ¢&æöFUöÖöGVÆW2ô&&VÂö†VÇW"×6¶—×G&ç7&VçBÖW‡&W76–öâ×w&W'2#¢°¢'fW'6–öâ#¢#rã#’ãr"À¢'&W6öÇfVB#¢&‡GG3¢ò÷&Vv—7G'’æçÖ§2æ÷&rô&&VÂö†VÇW"×6¶—×G&ç7&VçBÖW‡&W76–öâ×w&W'2òÒö†VÇW"×6¶—×G&ç7&VçBÖW‡&W76–öâ×w&W'2Órã#’ãrçFw¢"À¢&–çFVw&—G’#¢'6†S"Ö'&4Ôug¤–UV"³bö'3cc…—Täæ¤µ“$§—fe$74gTg6D¶64UTvW3'“sDCsDå£'£†Ä´£–·4¦¶gud¢ö”äW•ÓÒ"À¢&Æ–6Vç6R#¢$Ô•B"À¢&FWVæFVæ6–W2#¢°¢$&&VÂ÷G&fW'6R#¢%ãrã#’ãr"À¢$&&VÂ÷G—W2#¢%ãrã#’ãr ¢ÒÀ¢&Væv–æW2#¢°¢&æöFR#¢#ãÓbã’ã ¢Ð¢ÒÀ¢&æöFUöÖöGVÆW2ô&&VÂö†VÇW"×7G&–ær×'6W"#¢°¢'fW'6–öâ#¢#rã#’ãr"À¢'&W6öÇfVB#¢&‡GG3¢ò÷&Vv—7G'’æçÖ§2æ÷&rô&&VÂö†VÇW"×7G&–ær×'6W"òÒö†VÇW"×7G&–ær×'6W"Órã#’ãrçFw¢"À¢&–çFVw&—G’#¢'6†S"Õ#V–¥%£ƒ”tDƒƒ##4ÃEU†“ew‡3E&%¥FUtEcö¶U#$S3dÖT¶ç—#dÅ–ÕUWg%$’´—cƒu7TcsdW$”ç¥—sÓÒ"À¢&Æ–6Vç6R#¢$Ô•B"À¢&Væv–æW2#¢°¢&æöFR#¢#ãÓbã’ã ¢Ð¢ÒÀ¢&æöFUöÖöGVÆW2ô&&VÂö†VÇW"×fÆ–FF÷"Ö–FVçF–f–W"#¢°¢'fW'6–öâ#¢#rã#’ãr"À¢'&W6öÇfVB#¢&‡GG3¢ò÷&Vv—7G'’æçÖ§2æ÷&rô&&VÂö†VÇW"×fÆ–FF÷"Ö–FVçF–f–W"òÒö†VÇW"×fÆ–FF÷"Ö–FVçF–f–W"Órã#’ãrçFw¢"À¢&–çFVw&—G’#¢'6†S"×V‡„vµ&£SV‚öfc„TÖ¢¶5–‡–¶Ä„—‡”Fãcƒ'uCu$ç•WV¤õ4†ös'U3#'g§#Gr·5†c“æVV–¦4æƒ6dfsÓÒ"À¢&Æ–6Vç6R#¢$Ô•B"À¢&Væv–æW2#¢°¢&æöFR#¢#ãÓbã’ã ¢Ð¢ÒÀ¢&æöFUöÖöGVÆW2ô&&VÂö†VÇW"×fÆ–FF÷"Ö÷F–öâ#¢°¢'fW'6–öâ#¢#rã#’ãr"À¢'&W6öÇfVB#¢&‡GG3¢ò÷&Vv—7G'’æçÖ§2æ÷&rô&&VÂö†VÇW"×fÆ–FF÷"Ö÷F–öâòÒö†VÇW"×fÆ–FF÷"Ö÷F–öâÓrã#’ãrçFw¢"À¢&–çFVw&—G’#¢'6†S"Ôã•¤W'$B·•sVvT4GD'äö÷†Õ#‚·Dä¶”wW„¶ÄGT§†g7&Df6W†¦”tR÷ô„Æ”DG&Udä×W„vÕ6ôæÇ—g46wsÓÒ"À¢&Æ–6Vç6R#¢$Ô•B"À¢&Væv–æW2#¢°¢&æöFR#¢#ãÓbã’ã ¢Ð¢ÒÀ¢&æöFUöÖöGVÆW2ô&&VÂö†VÇW"×w&ÖgVæ7F–öâ#¢°¢'fW'6–öâ#¢#rã#’ãr"À¢'&W6öÇfVB#¢&‡GG3¢ò÷&Vv—7G'’æçÖ§2æ÷&rô&&VÂö†VÇW"×w&ÖgVæ7F–öâòÒö†VÇW"×w&ÖgVæ7F–öâÓrã#’ãrçFw¢"À¢&–çFVw&—G’#¢'6†S"Ö”U36¶s”U$”cc††GófF%†6Ôåt³74W¦ÖäÄç2öT36ÃÆ´–ÖFf÷“e“’õ6f·vD#E&¥uduF5dvGsÓÒ"À¢&Æ–6Vç6R#¢$Ô•B"À¢&FWVæFVæ6–W2#¢°¢$&&VÂ÷FV×ÆFR#¢%ãrã#’ãr"À¢$&&VÂ÷G&fW'6R#¢%ãrã#’ãr"À¢$&&VÂ÷G—W2#¢%ãrã#’ãr ¢ÒÀ¢&Væv–æW2#¢°¢&æöFR#¢#ãÓbã’ã ¢Ð¢ÒÀ¢&æöFUöÖöGVÆW2ô&&VÂö†VÇW'2#¢°¢'fW'6–öâ#¢#rã#’ãr"À¢'&W6öÇfVB#¢&‡GG3¢ò÷&Vv—7G'’æçÖ§2æ÷&rô&&VÂö†VÇW'2òÒö†VÇW'2Órã#’ãrçFw¢"À¢&–çFVw&—G’#¢'6†S"Ó³&Äu$Öd…F7wTå–44åVÖVffÕc„µtÖfƒ&”¥UVU&ÇvÇtƒDfDäsvÖe“ådÄ„¤eF„SEG—#F×cvµDå¤ö•T&sÓÒ"À¢&Æ–6Vç6R#¢$Ô•B"À¢&FWVæFVæ6–W2#¢°¢$&&VÂ÷FV×ÆFR#¢%ãrã#’ãr"À¢$&&VÂ÷G—W2#¢%ãrã#’ãr ¢ÒÀ¢&Væv–æW2#¢°¢&æöFR#¢#ãÓbã’ã ¢Ð¢ÒÀ¢&æöFUöÖöGVÆW2ô&&VÂ÷'6W"#¢°¢'fW'6–öâ#¢#rã#’ã‚"À¢'&W6öÇfVB#¢&‡GG3¢ò÷&Vv—7G'’æçÖ§2æ÷&rô&&VÂ÷'6W"òÒ÷'6W"Órã#’ã‚çFw¢"À¢&–çFVw&—G’#¢'6†S"ÔS†ÅD”ä#µr´d‚µdt§U¤Ó–ôƒ$SfõfÇee'&cU…¥¦×6”¥…”C—eDecw—”UU$ç¦vƒDgÕ§TógEWv4&'d4ÓÒ"À¢&Æ–6Vç6R#¢$Ô•B"À¢&FWVæFVæ6–W2#¢°¢$&&VÂ÷G—W2#¢%ãrã#’ã‚ ¢ÒÀ¢&&–â#¢°¢''6W"#¢&&–âö&&VÂ×'6W"æ§2 ¢ÒÀ¢&Væv–æW2#¢°¢&æöFR#¢#ãÓbãã ¢Ð¢ÒÀ¢&æöFUöÖöGVÆW2ô&&VÂ÷ÇVv–â×&÷÷6ÂÖFV6÷&F÷'2#¢°¢'fW'6–öâ#¢#rã#’ãr"À¢'&W6öÇfVB#¢&‡GG3¢ò÷&Vv—7G'’æçÖ§2æ÷&rô&&VÂ÷ÇVv–â×&÷÷6ÂÖFV6÷&F÷'2òÒ÷ÇVv–â×&÷÷6ÂÖFV6÷&F÷'2Órã#’ãrçFw¢"À¢&–çFVw&—G’#¢'6†S"ÔWES†“4wg%GCSg„¶Õ§eb÷T5„³%¦'udåäÄUd—F4§V†µ‡uvÆó4fÖ£3$Ç†u6c$“„”ETÆTWtåöVdÅ†sÓÒ"À¢&Æ–6Vç6R#¢$Ô•B"À¢&FWVæFVæ6–W2#¢°¢$&&VÂö†VÇW"Ö7&VFRÖ6Æ72ÖfVGW&W2×ÇVv–â#¢%ãrã#’ãr"À¢$&&VÂö†VÇW"×ÇVv–â×WF–Ç2#¢%ãrã#’ãr"À¢$&&VÂ÷ÇVv–â×7–çF‚ÖFV6÷&F÷'2#¢%ãrã#’ãr ¢ÒÀ¢&Væv–æW2#¢°¢&æöFR#¢#ãÓbã’ã ¢ÒÀ¢'VW$FWVæFVæ6–W2#¢°¢$&&VÂö6÷&R#¢%ãrããÓ ¢Ð¢ÒÀ¢&æöFUöÖöGVÆW2ô&&VÂ÷ÇVv–â×&÷÷6ÂÖW‡÷'BÖFVfVÇBÖg&öÒ#¢°¢'fW'6–öâ#¢#rã#’ãr"À¢'&W6öÇfVB#¢&‡GG3¢ò÷&Vv—7G'’æçÖ§2æ÷&rô&&VÂ÷ÇVv–â×&÷÷6ÂÖW‡÷'BÖFVfVÇBÖg&öÒòÒ÷ÇVv–â×&÷÷6ÂÖW‡÷'BÖFVfVÇBÖg&öÒÓrã#’ãrçFw¢"À¢&–çFVw&—G’#¢'6†S"×´sT$å„F7“6$õ‡Æ…“D‡–%w„ƒ6“%GÖFÒó6W•'S%ft¤¥§UVÅ£c×%FsSƒ%u¤Ä&EvfU—g7VÕ4V´×†5ÓÒ"À¢&Æ–6Vç6R#¢$Ô•B"À¢&FWVæFVæ6–W2#¢°¢$&&VÂö†VÇW"×ÇVv–â×WF–Ç2#¢%ãrã#’ãr ¢ÒÀ¢&Væv–æW2#¢°¢&æöFR#¢#ãÓbã’ã ¢ÒÀ¢'VW$FWVæFVæ6–W2#¢°¢$&&VÂö6÷&R#¢%ãrããÓ ¢Ð¢ÒÀ¢&æöFUöÖöGVÆW2ô&&VÂ÷ÇVv–â×7–çF‚Ö7–æ2ÖvVæW&F÷'2#¢°¢'fW'6–öâ#¢#rã‚ãB"À¢'&W6öÇfVB#¢&‡GG3¢ò÷&Vv—7G'’æçÖ§2æ÷&rô&&VÂ÷ÇVv–â×7–çF‚Ö7–æ2ÖvVæW&F÷'2òÒ÷ÇVv–â×7–çF‚Ö7–æ2ÖvVæW&F÷'2Órã‚ãBçFw¢"À¢&–çFVw&—G’#¢'6†S"×G–6Õ§†´ve¦†„Õ&%†Å‡UdgEvÅ‡—#%sDÖ…4¦u$·¦²öTFÄ•„ö†#$Ä…vôÇDcuDT‡–ÅcW¤æ‡–µƒd´t„¦ÕDçsÓÒ"À¢&FWd÷F–öæÂ#¢G'VRÀ¢&Æ–6Vç6R#¢$Ô•B"À¢&FWVæFVæ6–W2#¢°¢$&&VÂö†VÇW"×ÇVv–â×WF–Ç2#¢%ãrã‚ã ¢ÒÀ¢'VW$FWVæFVæ6–W2#¢°¢$&&VÂö6÷&R#¢%ãrããÓ ¢Ð¢ÒÀ¢&æöFUöÖöGVÆW2ô&&VÂ÷ÇVv–â×7–çF‚Ö&–v–çB#¢°¢'fW'6–öâ#¢#rã‚ã2"À¢'&W6öÇfVB#¢&‡GG3¢ò÷&Vv—7G'’æçÖ§2æ÷&rô&&VÂ÷ÇVv–â×7–çF‚Ö&–v–çBòÒ÷ÇVv–â×7–çF‚Ö&–v–çBÓrã‚ã2çFw¢"À¢&–çFVw&—G’#¢'6†S"×våFäfÄrµ—…Ó7dG‡tSSu£7%%SG4„RöÔF·Cc%”¤¥6UTV3&ÖEtÅVåUT¶§—&fçEgvRôãfD5‡R·¤Ã4çsÓÒ"À¢&FWd÷F–öæÂ#¢G'VRÀ¢&Æ–6Vç6R#¢$Ô•B"À¢&FWVæFVæ6–W2#¢°¢$&&VÂö†VÇW"×ÇVv–â×WF–Ç2#¢%ãrã‚ã ¢ÒÀ¢'VW$FWVæFVæ6–W2#¢°¢$&&VÂö6÷&R#¢%ãrããÓ ¢Ð¢ÒÀ¢&æöFUöÖöGVÆW2ô&&VÂ÷ÇVv–â×7–çF‚Ö6Æ72×&÷W'F–W2#¢°¢'fW'6–öâ#¢#rã"ã2"À¢'&W6öÇfVB#¢&‡GG3¢ò÷&Vv—7G'’æçÖ§2æ÷&rô&&VÂ÷ÇVv–â×7–çF‚Ö6Æ72×&÷W'F–W2òÒ÷ÇVv–â×7–çF‚Ö6Æ72×&÷W'F–W2Órã"ã2çFw¢"À¢&–çFVw&—G’#¢'6†S"ÖfÓF–F¤¶Æ–…TætdäÄ4#•6G6õ•¥6•S7&·“Ô%WDÕ£#7”D£•4¦FsfE…E4FçVÄõg”c4†w#–æ%‡e…E¥”ÓÒ"À¢&FWd÷F–öæÂ#¢G'VRÀ¢&Æ–6Vç6R#¢$Ô•B"À¢&FWVæFVæ6–W2#¢°¢$&&VÂö†VÇW"×ÇVv–â×WF–Ç2#¢%ãrã"ã2 ¢ÒÀ¢'VW$FWVæFVæ6–W2#¢°¢$&&VÂö6÷&R#¢%ãrããÓ ¢Ð¢ÒÀ¢&æöFUöÖöGVÆW2ô&&VÂ÷ÇVv–â×7–çF‚Ö6Æ72×7FF–2Ö&Æö6²#¢°¢'fW'6–öâ#¢#rãBãR"À¢'&W6öÇfVB#¢&‡GG3¢ò÷&Vv—7G'’æçÖ§2æ÷&rô&&VÂ÷ÇVv–â×7–çF‚Ö6Æ72×7FF–2Ö&Æö6²òÒ÷ÇVv–â×7–çF‚Ö6Æ72×7FF–2Ö&Æö6²ÓrãBãRçFw¢"À¢&–çFVw&—G’#¢'6†S"Ö"µ—•×#fÆG”æäÓg7–TÕtR¶&t¦4§óg•3ECw–×†tƒ3Dt%äDÒõD„&ƒ†—Vç—d´•§§F—tÄƒD4¥£'…F³–VÖw§sÓÒ"À¢&FWd÷F–öæÂ#¢G'VRÀ¢&Æ–6Vç6R#¢$Ô•B"À¢&FWVæFVæ6–W2#¢°¢$&&VÂö†VÇW"×ÇVv–â×WF–Ç2#¢%ãrãBãR ¢ÒÀ¢&Væv–æW2#¢°¢&æöFR#¢#ãÓbã’ã ¢ÒÀ¢'VW$FWVæFVæ6–W2#¢°¢$&&VÂö6÷&R#¢%ãrããÓ ¢Ð¢ÒÀ¢&æöFUöÖöGVÆW2ô&&VÂ÷ÇVv–â×7–çF‚ÖFV6÷&F÷'2#¢°¢'fW'6–öâ#¢#rã#’ãr"À¢'&W6öÇfVB#¢&‡GG3¢ò÷&Vv—7G'’æçÖ§2æ÷&rô&&VÂ÷ÇVv–â×7–çF‚ÖFV6÷&F÷'2òÒ÷ÇVv–â×7–çF‚ÖFV6÷&F÷'2Órã#’ãrçFw¢"À¢&–çFVw&—G’#¢'6†S"Ó”ÕEDÆ$c3•ƒg7Ó“$¥W6ô“r²³#f†¥§g¦·„µ§“cFÖ…tÄƒ&Õ´¢õ4cEÆÖÇ35#Dg7´÷ueVƒ“c$¤u‡†sÓÒ"À¢&Æ–6Vç6R#¢$Ô•B"À¢&FWVæFVæ6–W2#¢°¢$&&VÂö†VÇW"×ÇVv–â×WF–Ç2#¢%ãrã#’ãr ¢ÒÀ¢&Væv–æW2#¢°¢&æöFR#¢#ãÓbã’ã ¢ÒÀ¢'VW$FWVæFVæ6–W2#¢°¢$&&VÂö6÷&R#¢%ãrããÓ ¢Ð¢ÒÀ¢&æöFUöÖöGVÆW2ô&&VÂ÷ÇVv–â×7–çF‚ÖG–æÖ–2Ö–×÷'B#¢°¢'fW'6–öâ#¢#rã‚ã2"À¢'&W6öÇfVB#¢&‡GG3¢ò÷&Vv—7G'’æçÖ§2æ÷&rô&&VÂ÷ÇVv–â×7–çF‚ÖG–æÖ–2Ö–×÷'BòÒ÷ÇVv–â×7–çF‚ÖG–æÖ–2Ö–×÷'BÓrã‚ã2çFw¢"À¢&–çFVw&—G’#¢'6†S"ÓVvDv$föâµ7¥—§3ƒ534SV×“r÷’ó„Ó–T3“Õ%E¦fGUõ•ssf–se4õ5æSC”sTÆõ4dt&ã$ã&¥dE5•3“FµÓÒ"À¢&Æ–6Vç6R#¢$Ô•B"À¢&FWVæFVæ6–W2#¢°¢$&&VÂö†VÇW"×ÇVv–â×WF–Ç2#¢%ãrã‚ã ¢ÒÀ¢'VW$FWVæFVæ6–W2#¢°¢$&&VÂö6÷&R#¢%ãrããÓ ¢Ð¢ÒÀ¢&æöFUöÖöGVÆW2ô&&VÂ÷ÇVv–â×7–çF‚ÖW‡÷'BÖFVfVÇBÖg&öÒ#¢°¢'fW'6–öâ#¢#rã#’ãr"À¢'&W6öÇfVB#¢&‡GG3¢ò÷&Vv—7G'’æçÖ§2æ÷&rô&&VÂ÷ÇVv–â×7–çF‚ÖW‡÷'BÖFVfVÇBÖg&öÒòÒ÷ÇVv–â×7–çF‚ÖW‡÷'BÖFVfVÇBÖg&öÒÓrã#’ãrçFw¢"À¢&–çFVw&—G’#¢'6†S"Öfös$#3u$ö†FT•ƒ”ó„s¥ƒv‡sVV´¦3F4„×%”Äöç$W'6ä$·¤t„£†TE'ô4e¤'dU–vÖ×GsG•S“wFô÷sÓÒ"À¢&Æ–6Vç6R#¢$Ô•B"À¢&FWVæFVæ6–W2#¢°¢$&&VÂö†VÇW"×ÇVv–â×WF–Ç2#¢%ãrã#’ãr ¢ÒÀ¢&Væv–æW2#¢°¢&æöFR#¢#ãÓbã’ã ¢ÒÀ¢'VW$FWVæFVæ6–W2#¢°¢$&&VÂö6÷&R#¢%ãrããÓ ¢Ð¢ÒÀ¢&æöFUöÖöGVÆW2ô&&VÂ÷ÇVv–â×7–çF‚ÖfÆ÷r#¢°¢'fW'6–öâ#¢#rã#’ãr"À¢'&W6öÇfVB#¢&‡GG3¢ò÷&Vv—7G'’æçÖ§2æ÷&rô&&VÂ÷ÇVv–â×7–çF‚ÖfÆ÷ròÒ÷ÇVv–â×7–çF‚ÖfÆ÷rÓrã#’ãrçFw¢"À¢&–çFVw&—G’#¢'6†S"Ö¤Õƒe7–öÖ÷Gw¦†µ”w†4³&’÷W3'3ó•eW´f6eF×'¤·&7Fô•”Ä×†4ö„u¦ÆDuBô$fµ$uEt&•#†uÓÒ"À¢&Æ–6Vç6R#¢$Ô•B"À¢&FWVæFVæ6–W2#¢°¢$&&VÂö†VÇW"×ÇVv–â×WF–Ç2#¢%ãrã#’ãr ¢ÒÀ¢&Væv–æW2#¢°¢&æöFR#¢#ãÓbã’ã ¢ÒÀ¢'VW$FWVæFVæ6–W2#¢°¢$&&VÂö6÷&R#¢%ãrããÓ ¢Ð¢ÒÀ¢&æöFUöÖöGVÆW2ô&&VÂ÷ÇVv–â×7–çF‚Ö–×÷'BÖGG&–'WFW2#¢°¢'fW'6–öâ#¢#rã#’ãr"À¢'&W6öÇfVB#¢&‡GG3¢ò÷&Vv—7G'’æçÖ§2æ÷&rô&&VÂ÷ÇVv–â×7–çF‚Ö–×÷'BÖGG&–'WFW2òÒ÷ÇVv–â×7–çF‚Ö–×÷'BÖGG&–'WFW2Órã#’ãrçFw¢"À¢&–çFVw&—G’#¢'6†S"×¤u–5–gõvÕ£Eb¶´$•…öã–E563†—&4u§s•¦æ†„v£–å¦¶T'S¤„Ä$E•–“Ut—Vwd'4”Ö''“&ä4f†cTF¦sÓÒ"À¢&FWd÷F–öæÂ#¢G'VRÀ¢&Æ–6Vç6R#¢$Ô•B"À¢&FWVæFVæ6–W2#¢°¢$&&VÂö†VÇW"×ÇVv–â×WF–Ç2#¢%ãrã#’ãr ¢ÒÀ¢&Væv–æW2#¢°¢&æöFR#¢#ãÓbã’ã ¢ÒÀ¢'VW$FWVæFVæ6–W2#¢°¢$&&VÂö6÷&R#¢%ãrããÓ ¢Ð¢ÒÀ¢&æöFUöÖöGVÆW2ô&&VÂ÷ÇVv–â×7–çF‚Ö–×÷'BÖÖWF#¢°¢'fW'6–öâ#¢#rããB"À¢'&W6öÇfVB#¢&‡GG3¢ò÷&Vv—7G'’æçÖ§2æ÷&rô&&VÂ÷ÇVv–â×7–çF‚Ö–×÷'BÖÖWFòÒ÷ÇVv–â×7–çF‚Ö–×÷'BÖÖWFÓrããBçFw¢"À¢&–çFVw&—G’#¢'6†S"Õ—fÒµ„Gƒµ&ƒ5e6TU5Sƒ”2´¥u£'Ee53E¦Ge¦‡DÖ´dÖD3W6V÷dT·u5Wä”Ãr·d²´6Çv&fƒ”CvsÓÒ"À¢&FWd÷F–öæÂ#¢G'VRÀ¢&Æ–6Vç6R#¢$Ô•B"À¢&FWVæFVæ6–W2#¢°¢$&&VÂö†VÇW"×ÇVv–â×WF–Ç2#¢%ãrããB ¢ÒÀ¢'VW$FWVæFVæ6–W2#¢°¢$&&VÂö6÷&R#¢%ãrããÓ ¢Ð¢ÒÀ¢&æöFUöÖöGVÆW2ô&&VÂ÷ÇVv–â×7–çF‚Ö§6öâ×7G&–æw2#¢°¢'fW'6–öâ#¢#rã‚ã2"À¢'&W6öÇfVB#¢&‡GG3¢ò÷&Vv—7G'’æçÖ§2æ÷&rô&&VÂ÷ÇVv–â×7–çF‚Ö§6öâ×7G&–æw2òÒ÷ÇVv–â×7–çF‚Ö§6öâ×7G&–æw2Órã‚ã2çFw¢"À¢&–çFVw&—G’#¢'6†S"ÖÅ“f¶Dwt‡f¦öS'f³Ew$WT%#c”T×…¦Âµ&ôu&‡$dtå•d³†Ôõs…ff%Bõ¦w$f%†ÄDæ––…äFud5£f§c3TÓÒ"À¢&FWd÷F–öæÂ#¢G'VRÀ¢&Æ–6Vç6R#¢$Ô•B"À¢&FWVæFVæ6–W2#¢°¢$&&VÂö†VÇW"×ÇVv–â×WF–Ç2#¢%ãrã‚ã ¢ÒÀ¢'VW$FWVæFVæ6–W2#¢°¢$&&VÂö6÷&R#¢%ãrããÓ ¢Ð¢ÒÀ¢&æöFUöÖöGVÆW2ô&&VÂ÷ÇVv–â×7–çF‚Ö§7‚#¢°¢'fW'6–öâ#¢#rã#’ãr"À¢'&W6öÇfVB#¢&‡GG3¢ò÷&Vv—7G'’æçÖ§2æ÷&rô&&VÂ÷ÇVv–â×7–çF‚Ö§7‚òÒ÷ÇVv–â×7–çF‚Ö§7‚Órã#’ãrçFw¢"À¢&–çFVw&—G’#¢'6†S"ÕE7S‚¶Ô„6ôV4DU£“2³f×eD%•#E7…vc'£’÷#UF'§GcdæÅ#4#—F„uEG…ƒ%twTt„§&”$µTuD£U…u…fsdÓÒ"À¢&Æ–6Vç6R#¢$Ô•B"À¢&FWVæFVæ6–W2#¢°¢$&&VÂö†VÇW"×ÇVv–â×WF–Ç2#¢%ãrã#’ãr ¢ÒÀ¢&Væv–æW2#¢°¢&æöFR#¢#ãÓbã’ã ¢ÒÀ¢'VW$FWVæFVæ6–W2#¢°¢$&&VÂö6÷&R#¢%ãrããÓ ¢Ð¢ÒÀ¢&æöFUöÖöGVÆW2ô&&VÂ÷ÇVv–â×7–çF‚ÖÆöv–6ÂÖ76–væÖVçBÖ÷W&F÷'2#¢°¢'fW'6–öâ#¢#rããB"À¢'&W6öÇfVB#¢&‡GG3¢ò÷&Vv—7G'’æçÖ§2æ÷&rô&&VÂ÷ÇVv–â×7–çF‚ÖÆöv–6ÂÖ76–væÖVçBÖ÷W&F÷'2òÒ÷ÇVv–â×7–çF‚ÖÆöv–6ÂÖ76–væÖVçBÖ÷W&F÷'2ÓrããBçFw¢"À¢&–çFVw&—G’#¢'6†S"ÖC‡v6†ÇdF–åT×GduS—„D÷¤´ƒCr´dföæW“&&d–ô×#“S&„´ôÇ…#ug7¦õ§d÷5bóBµ%'7¤å“tCv&FS–sÓÒ"À¢&FWd÷F–öæÂ#¢G'VRÀ¢&Æ–6Vç6R#¢$Ô•B"À¢&FWVæFVæ6–W2#¢°¢$&&VÂö†VÇW"×ÇVv–â×WF–Ç2#¢%ãrããB ¢ÒÀ¢'VW$FWVæFVæ6–W2#¢°¢$&&VÂö6÷&R#¢%ãrããÓ ¢Ð¢ÒÀ¢&æöFUöÖöGVÆW2ô&&VÂ÷ÇVv–â×7–çF‚ÖçVÆÆ—6‚Ö6öÆW66–ærÖ÷W&F÷"#¢°¢'fW'6–öâ#¢#rã‚ã2"À¢'&W6öÇfVB#¢&‡GG3¢ò÷&Vv—7G'’æçÖ§2æ÷&rô&&VÂ÷ÇVv–â×7–çF‚ÖçVÆÆ—6‚Ö6öÆW66–ærÖ÷W&F÷"òÒ÷ÇVv–â×7–çF‚ÖçVÆÆ—6‚Ö6öÆW66–ærÖ÷W&F÷"Órã‚ã2çFw¢"À¢&–çFVw&—G’#¢'6†S"Ö6fcG¥”“S%Cw’´c†ôG7£–WsD”tT¦s•5er¶'wwFdfÆV•DÖG¤õ"µVÅtG¦fä„d7‡†ÆTeCÔ—%#3e„ÄåÓÒ"À¢&Æ–6Vç6R#¢$Ô•B"À¢&FWVæFVæ6–W2#¢°¢$&&VÂö†VÇW"×ÇVv–â×WF–Ç2#¢%ãrã‚ã ¢ÒÀ¢'VW$FWVæFVæ6–W2#¢°¢$&&VÂö6÷&R#¢%ãrããÓ ¢Ð¢ÒÀ¢&æöFUöÖöGVÆW2ô&&VÂ÷ÇVv–â×7–çF‚ÖçVÖW&–2×6W&F÷"#¢°¢'fW'6–öâ#¢#rããB"À¢'&W6öÇfVB#¢&‡GG3¢ò÷&Vv—7G'’æçÖ§2æ÷&rô&&VÂ÷ÇVv–â×7–çF‚ÖçVÖW&–2×6W&F÷"òÒ÷ÇVv–â×7–çF‚ÖçVÖW&–2×6W&F÷"ÓrããBçFw¢"À¢&–çFVw&—G’#¢'6†S"Ó”ƒe–Ff¶4²÷Töå’ô³rö'‡¦vµã3w—¥uTÕ$³tö÷÷u3¶ãƒV‡…C”Ws”W56¥s…5g”Ô§u•'Ew35ƒ7VsÓÒ"À¢&FWd÷F–öæÂ#¢G'VRÀ¢&Æ–6Vç6R#¢$Ô•B"À¢&FWVæFVæ6–W2#¢°¢$&&VÂö†VÇW"×ÇVv–â×WF–Ç2#¢%ãrããB ¢ÒÀ¢'VW$FWVæFVæ6–W2#¢°¢$&&VÂö6÷&R#¢%ãrããÓ ¢Ð¢ÒÀ¢&æöFUöÖöGVÆW2ô&&VÂ÷ÇVv–â×7–çF‚Öö&¦V7B×&W7B×7&VB#¢°¢'fW'6–öâ#¢#rã‚ã2"À¢'&W6öÇfVB#¢&‡GG3¢ò÷&Vv—7G'’æçÖ§2æ÷&rô&&VÂ÷ÇVv–â×7–çF‚Öö&¦V7B×&W7B×7&VBòÒ÷ÇVv–â×7–çF‚Öö&¦V7B×&W7B×7&VBÓrã‚ã2çFw¢"À¢&–çFVw&—G’#¢'6†S"Õ†÷Ö–¤u¦#—“7“%‡6´âµuTv•guu£T¦ÖôE'wƒR³4vÔWÄç•dÓ'3$Fs„”ÄeÓ‡%tÓC†÷$w“U—“T&Ã…S“w–FÄÓÒ"À¢&FWd÷F–öæÂ#¢G'VRÀ¢&Æ–6Vç6R#¢$Ô•B"À¢&FWVæFVæ6–W2#¢°¢$&&VÂö†VÇW"×ÇVv–â×WF–Ç2#¢%ãrã‚ã ¢ÒÀ¢'VW$FWVæFVæ6–W2#¢°¢$&&VÂö6÷&R#¢%ãrããÓ ¢Ð¢ÒÀ¢&æöFUöÖöGVÆW2ô&&VÂ÷ÇVv–â×7–çF‚Ö÷F–öæÂÖ6F6‚Ö&–æF–ær#¢°¢'fW'6–öâ#¢#rã‚ã2"À¢'&W6öÇfVB#¢&‡GG3¢ò÷&Vv—7G'’æçÖ§2æ÷&rô&&VÂ÷ÇVv–â×7–çF‚Ö÷F–öæÂÖ6F6‚Ö&–æF–æròÒ÷ÇVv–â×7–çF‚Ö÷F–öæÂÖ6F6‚Ö&–æF–ærÓrã‚ã2çFw¢"À¢&–çFVw&—G’#¢'6†S"ÓeeC3ÇGs¶öU%DÖ”"¶µv„õC#E¶·5u4'$gFÃU4•%g¦Çtã4äå¦V„$Ró“ec5&¤ÅvõeFvÅv55c5ÓÒ"À¢&FWd÷F–öæÂ#¢G'VRÀ¢&Æ–6Vç6R#¢$Ô•B"À¢&FWVæFVæ6–W2#¢°¢$&&VÂö†VÇW"×ÇVv–â×WF–Ç2#¢%ãrã‚ã ¢ÒÀ¢'VW$FWVæFVæ6–W2#¢°¢$&&VÂö6÷&R#¢%ãrããÓ ¢Ð¢ÒÀ¢&æöFUöÖöGVÆW2ô&&VÂ÷ÇVv–â×7–çF‚Ö÷F–öæÂÖ6†–æ–ær#¢°¢'fW'6–öâ#¢#rã‚ã2"À¢'&W6öÇfVB#¢&‡GG3¢ò÷&Vv—7G'’æçÖ§2æ÷&rô&&VÂ÷ÇVv–â×7–çF‚Ö÷F–öæÂÖ6†–æ–æròÒ÷ÇVv–â×7–çF‚Ö÷F–öæÂÖ6†–æ–ærÓrã‚ã2çFw¢"À¢&–çFVw&—G’#¢'6†S"Ô¶ô³”W$ƒÔ&Ä5…cdæµ…s"öGsGfÆ$tG$fw£†&ÕW4$u–´e&6%'tÖƒf4”§V&E&·…'wTvGD6³b÷uD¶%t&¦¶sÓÒ"À¢&Æ–6Vç6R#¢$Ô•B"À¢&FWVæFVæ6–W2#¢°¢$&&VÂö†VÇW"×ÇVv–â×WF–Ç2#¢%ãrã‚ã ¢ÒÀ¢'VW$FWVæFVæ6–W2#¢°¢$&&VÂö6÷&R#¢%ãrããÓ ¢Ð¢ÒÀ¢&æöFUöÖöGVÆW2ô&&VÂ÷ÇVv–â×7–çF‚×&—fFR×&÷W'G’Ö–âÖö&¦V7B#¢°¢'fW'6–öâ#¢#rãBãR"À¢'&W6öÇfVB#¢&‡GG3¢ò÷&Vv—7G'’æçÖ§2æ÷&rô&&VÂ÷ÇVv–â×7–çF‚×&—fFR×&÷W'G’Ö–âÖö&¦V7BòÒ÷ÇVv–â×7–çF‚×&—fFR×&÷W'G’Ö–âÖö&¦V7BÓrãBãRçFw¢"À¢&–çFVw&—G’#¢'6†S"Óufç–G„£s%¥T¤Ec#u¦f%6£f”„Æ÷—E•¦Öƒ7$f7„æçg4¤c6·F·¤ÄE¥’öÔt„w6C2ôE5u•ƒcuv´6õeVsÓÒ"À¢&FWd÷F–öæÂ#¢G'VRÀ¢&Æ–6Vç6R#¢$Ô•B"À¢&FWVæFVæ6–W2#¢°¢$&&VÂö†VÇW"×ÇVv–â×WF–Ç2#¢%ãrãBãR ¢ÒÀ¢&Væv–æW2#¢°¢&æöFR#¢#ãÓbã’ã ¢ÒÀ¢'VW$FWVæFVæ6–W2#¢°¢$&&VÂö6÷&R#¢%ãrããÓ ¢Ð¢ÒÀ¢&æöFUöÖöGVÆW2ô&&VÂ÷ÇVv–â×7–çF‚×F÷ÖÆWfVÂÖv—B#¢°¢'fW'6–öâ#¢#rãBãR"À¢'&W6öÇfVB#¢&‡GG3¢ò÷&Vv—7G'’æçÖ§2æ÷&rô&&VÂ÷ÇVv–â×7–çF‚×F÷ÖÆWfVÂÖv—BòÒ÷ÇVv–â×7–çF‚×F÷ÖÆWfVÂÖv—BÓrãBãRçFw¢"À¢&–çFVw&—G’#¢'6†S"Ö‡‚²·WÇcUS&u–gvS„%V…&ÕSCäWgWg'†¦·%46Gdu6äÓR÷E$×G–Ä£esTôf´&†¶%DµFæC2õ—”U5$„gsÓÒ"À¢&FWd÷F–öæÂ#¢G'VRÀ¢&Æ–6Vç6R#¢$Ô•B"À¢&FWVæFVæ6–W2#¢°¢$&&VÂö†VÇW"×ÇVv–â×WF–Ç2#¢%ãrãBãR ¢ÒÀ¢&Væv–æW2#¢°¢&æöFR#¢#ãÓbã’ã ¢ÒÀ¢'VW$FWVæFVæ6–W2#¢°¢$&&VÂö6÷&R#¢%ãrããÓ ¢Ð¢ÒÀ¢&æöFUöÖöGVÆW2ô&&VÂ÷ÇVv–â×7–çF‚×G—W67&—B#¢°¢'fW'6–öâ#¢#rã#’ãr"À¢'&W6öÇfVB#¢&‡GG3¢ò÷&Vv—7G'’æçÖ§2æ÷&rô&&VÂ÷ÇVv–â×7–çF‚×G—W67&—BòÒ÷ÇVv–â×7–çF‚×G—W67&—BÓrã#’ãrçFw¢"À¢&–çFVw&—G’#¢'6†S"Öæw"³ƒ%6ƒ„×£#UE5¦’¶ä3&•G¦¦d6Eu3$ôå…GõE44„6v4ä'D×wd£&66DÆÄ6Åe£w6—4–t#“F¢ô¤fRµ%¤ÓÒ"À¢&Æ–6Vç6R#¢$Ô•B"À¢&FWVæFVæ6–W2#¢°¢$&&VÂö†VÇW"×ÇVv–â×WF–Ç2#¢%ãrã#’ãr ¢ÒÀ¢&Væv–æW2#¢°¢&æöFR#¢#ãÓbã’ã ¢ÒÀ¢'VW$FWVæFVæ6–W2#¢°¢$&&VÂö6÷&R#¢%ãrããÓ ¢Ð¢ÒÀ¢&æöFUöÖöGVÆW2ô&&VÂ÷ÇVv–â×G&ç6f÷&ÒÖ7–æ2ÖvVæW&F÷"ÖgVæ7F–öç2#¢°¢'fW'6–öâ#¢#rã#’ãr"À¢'&W6öÇfVB#¢&‡GG3¢ò÷&Vv—7G'’æçÖ§2æ÷&rô&&VÂ÷ÇVv–â×G&ç6f÷&ÒÖ7–æ2ÖvVæW&F÷"ÖgVæ7F–öç2òÒ÷ÇVv–â×G&ç6f÷&ÒÖ7–æ2ÖvVæW&F÷"ÖgVæ7F–öç2Órã#’ãrçFw¢"À¢&–çFVw&—G’#¢'6†S"ÖC“†u…¦¶w7wf·–ö„Ô$&¶†Ó4vU†…–£‡5vgu$3vwFg$´uG–µö”ô–’´¤¦‡tÖ¥Å£efÓ%„â´D6c4W3VôsE¤ÄÓÒ"À¢&Æ–6Vç6R#¢$Ô•B"À¢&FWVæFVæ6–W2#¢°¢$&&VÂö†VÇW"×ÇVv–â×WF–Ç2#¢%ãrã#’ãr"À¢$&&VÂö†VÇW"×&VÖÖ7–æ2×FòÖvVæW&F÷"#¢%ãrã#’ãr"À¢$&&VÂ÷G&fW'6R#¢%ãrã#’ãr ¢ÒÀ¢&Væv–æW2#¢°¢&æöFR#¢#ãÓbã’ã ¢ÒÀ¢'VW$FWVæFVæ6–W2#¢°¢$&&VÂö6÷&R#¢%ãrããÓ ¢Ð¢ÒÀ¢&æöFUöÖöGVÆW2ô&&VÂ÷ÇVv–â×G&ç6f÷&ÒÖ7–æ2×FòÖvVæW&F÷"#¢°¢'fW'6–öâ#¢#rã#’ãr"À¢'&W6öÇfVB#¢&‡GG3¢ò÷&Vv—7G'’æçÖ§2æ÷&rô&&VÂ÷ÇVv–â×G&ç6f÷&ÒÖ7–æ2×FòÖvVæW&F÷"òÒ÷ÇVv–â×G&ç6f÷&ÒÖ7–æ2×FòÖvVæW&F÷"Órã#’ãrçFw¢"À¢&–çFVw&—G’#¢'6†S"×5V#%52µ$Öó•Eud't´t“U6‡Fôsu"·¤'4fÔ4´FffS†2¶…#5„¦Å¦vôSV£f“…svtF¦‡—g’³ƒWfÕ–W†çe†ƒ6CsÓÒ"À¢&Æ–6Vç6R#¢$Ô•B"À¢&FWVæFVæ6–W2#¢°¢$&&VÂö†VÇW"ÖÖöGVÆRÖ–×÷'G2#¢%ãrã#’ãr"À¢$&&VÂö†VÇW"×ÇVv–â×WF–Ç2#¢%ãrã#’ãr"À¢$&&VÂö†VÇW"×&VÖÖ7–æ2×FòÖvVæW&F÷"#¢%ãrã#’ãr ¢ÒÀ¢&Væv–æW2#¢°¢&æöFR#¢#ãÓbã’ã ¢ÒÀ¢'VW$FWVæFVæ6–W2#¢°¢$&&VÂö6÷&R#¢%ãrããÓ ¢Ð¢ÒÀ¢&æöFUöÖöGVÆW2ô&&VÂ÷ÇVv–â×G&ç6f÷&ÒÖ&Æö6²×66÷–ær#¢°¢'fW'6–öâ#¢#rã#’ãr"À¢'&W6öÇfVB#¢&‡GG3¢ò÷&Vv—7G'’æçÖ§2æ÷&rô&&VÂ÷ÇVv–â×G&ç6f÷&ÒÖ&Æö6²×66÷–æròÒ÷ÇVv–â×G&ç6f÷&ÒÖ&Æö6²×66÷–ærÓrã#’ãrçFw¢"À¢&–çFVw&—G’#¢'6†S"Ôôç—#B´¦„¶ƒ‡”µt–åg…S”„”V'7–TÆ4ÃecD§“dÓ"óc'gWgvÓ#—§§W–Ö%GF3CStWD–D•Å7"µc